
Microsoft Visual Studio Solution File, Format Version 12.00
# Visual Studio Version 16
VisualStudioVersion = 16.0.30717.126
MinimumVisualStudioVersion = 10.0.40219.1
Project("{FAE04EC0-301F-11D3-BF4B-00C04F79EFBC}") = "est", "est.csproj", "{3415F1B7-DF5D-4EB5-8475-F6705942EC7D}"
EndProject
Global
	GlobalSection(SolutionConfigurationPlatforms) = preSolution
		Debug|Any CPU = Debug|Any CPU
		Release|Any CPU = Release|Any CPU
	EndGlobalSection
	GlobalSection(ProjectConfigurationPlatforms) = postSolution
		{3415F1B7-DF5D-4EB5-8475-F6705942EC7D}.Debug|Any CPU.ActiveCfg = Debug|Any CPU
		{3415F1B7-DF5D-4EB5-8475-F6705942EC7D}.Debug|Any CPU.Build.0 = Debug|Any CPU
		{3415F1B7-DF5D-4EB5-8475-F6705942EC7D}.Release|Any CPU.ActiveCfg = Release|Any CPU
		{3415F1B7-DF5D-4EB5-8475-F6705942EC7D}.Release|Any CPU.Build.0 = Release|Any CPU
	EndGlobalSection
	GlobalSection(SolutionProperties) = preSolution
		HideSolutionNode = FALSE
	EndGlobalSection
	GlobalSection(ExtensibilityGlobals) = postSolution
		SolutionGuid = {8B62DA70-5A2E-4275-9232-1291386B3769}
	EndGlobalSection
EndGlobal
