
Microsoft Visual Studio Solution File, Format Version 12.00
# Visual Studio Version 16
VisualStudioVersion = 16.0.30717.126
MinimumVisualStudioVersion = 10.0.40219.1
Project("{FAE04EC0-301F-11D3-BF4B-00C04F79EFBC}") = "deliverable 1", "deliverable 1\deliverable 1.csproj", "{A5F0505F-C8E9-4B6B-A367-4069B744B930}"
EndProject
Global
	GlobalSection(SolutionConfigurationPlatforms) = preSolution
		Debug|Any CPU = Debug|Any CPU
		Release|Any CPU = Release|Any CPU
	EndGlobalSection
	GlobalSection(ProjectConfigurationPlatforms) = postSolution
		{A5F0505F-C8E9-4B6B-A367-4069B744B930}.Debug|Any CPU.ActiveCfg = Debug|Any CPU
		{A5F0505F-C8E9-4B6B-A367-4069B744B930}.Debug|Any CPU.Build.0 = Debug|Any CPU
		{A5F0505F-C8E9-4B6B-A367-4069B744B930}.Release|Any CPU.ActiveCfg = Release|Any CPU
		{A5F0505F-C8E9-4B6B-A367-4069B744B930}.Release|Any CPU.Build.0 = Release|Any CPU
	EndGlobalSection
	GlobalSection(SolutionProperties) = preSolution
		HideSolutionNode = FALSE
	EndGlobalSection
	GlobalSection(ExtensibilityGlobals) = postSolution
		SolutionGuid = {32AE9FB1-2D22-4FD5-AF56-9B0B8DB0ED92}
	EndGlobalSection
EndGlobal
