
Microsoft Visual Studio Solution File, Format Version 12.00
# Visual Studio Version 16
VisualStudioVersion = 16.0.30717.126
MinimumVisualStudioVersion = 10.0.40219.1
Project("{FAE04EC0-301F-11D3-BF4B-00C04F79EFBC}") = "mock assessment 2 - 1", "mock assessment 2 - 1.csproj", "{655E08CD-8565-4B20-BD61-65B96DDD7A6D}"
EndProject
Global
	GlobalSection(SolutionConfigurationPlatforms) = preSolution
		Debug|Any CPU = Debug|Any CPU
		Release|Any CPU = Release|Any CPU
	EndGlobalSection
	GlobalSection(ProjectConfigurationPlatforms) = postSolution
		{655E08CD-8565-4B20-BD61-65B96DDD7A6D}.Debug|Any CPU.ActiveCfg = Debug|Any CPU
		{655E08CD-8565-4B20-BD61-65B96DDD7A6D}.Debug|Any CPU.Build.0 = Debug|Any CPU
		{655E08CD-8565-4B20-BD61-65B96DDD7A6D}.Release|Any CPU.ActiveCfg = Release|Any CPU
		{655E08CD-8565-4B20-BD61-65B96DDD7A6D}.Release|Any CPU.Build.0 = Release|Any CPU
	EndGlobalSection
	GlobalSection(SolutionProperties) = preSolution
		HideSolutionNode = FALSE
	EndGlobalSection
	GlobalSection(ExtensibilityGlobals) = postSolution
		SolutionGuid = {FCB729FD-8BDE-45CD-BBE7-702C0907F8BF}
	EndGlobalSection
EndGlobal
