
Microsoft Visual Studio Solution File, Format Version 12.00
# Visual Studio Version 16
VisualStudioVersion = 16.0.30717.126
MinimumVisualStudioVersion = 10.0.40219.1
Project("{FAE04EC0-301F-11D3-BF4B-00C04F79EFBC}") = "mock assessment 1", "mock assessment 1.csproj", "{D4B094D4-236B-4CA9-9321-240C3FD0C6FB}"
EndProject
Global
	GlobalSection(SolutionConfigurationPlatforms) = preSolution
		Debug|Any CPU = Debug|Any CPU
		Release|Any CPU = Release|Any CPU
	EndGlobalSection
	GlobalSection(ProjectConfigurationPlatforms) = postSolution
		{D4B094D4-236B-4CA9-9321-240C3FD0C6FB}.Debug|Any CPU.ActiveCfg = Debug|Any CPU
		{D4B094D4-236B-4CA9-9321-240C3FD0C6FB}.Debug|Any CPU.Build.0 = Debug|Any CPU
		{D4B094D4-236B-4CA9-9321-240C3FD0C6FB}.Release|Any CPU.ActiveCfg = Release|Any CPU
		{D4B094D4-236B-4CA9-9321-240C3FD0C6FB}.Release|Any CPU.Build.0 = Release|Any CPU
	EndGlobalSection
	GlobalSection(SolutionProperties) = preSolution
		HideSolutionNode = FALSE
	EndGlobalSection
	GlobalSection(ExtensibilityGlobals) = postSolution
		SolutionGuid = {AB39DDF9-16ED-41F2-B4FD-5357585F3AFE}
	EndGlobalSection
EndGlobal
