
Microsoft Visual Studio Solution File, Format Version 12.00
# Visual Studio Version 16
VisualStudioVersion = 16.0.30717.126
MinimumVisualStudioVersion = 10.0.40219.1
Project("{FAE04EC0-301F-11D3-BF4B-00C04F79EFBC}") = "Bonus13", "Bonus13.csproj", "{09B14832-A325-4B64-8450-CE9F39A4BED6}"
EndProject
Global
	GlobalSection(SolutionConfigurationPlatforms) = preSolution
		Debug|Any CPU = Debug|Any CPU
		Release|Any CPU = Release|Any CPU
	EndGlobalSection
	GlobalSection(ProjectConfigurationPlatforms) = postSolution
		{09B14832-A325-4B64-8450-CE9F39A4BED6}.Debug|Any CPU.ActiveCfg = Debug|Any CPU
		{09B14832-A325-4B64-8450-CE9F39A4BED6}.Debug|Any CPU.Build.0 = Debug|Any CPU
		{09B14832-A325-4B64-8450-CE9F39A4BED6}.Release|Any CPU.ActiveCfg = Release|Any CPU
		{09B14832-A325-4B64-8450-CE9F39A4BED6}.Release|Any CPU.Build.0 = Release|Any CPU
	EndGlobalSection
	GlobalSection(SolutionProperties) = preSolution
		HideSolutionNode = FALSE
	EndGlobalSection
	GlobalSection(ExtensibilityGlobals) = postSolution
		SolutionGuid = {28152B4A-B959-45D4-9F7F-4FBCA395C519}
	EndGlobalSection
EndGlobal
